
Microsoft Visual Studio Solution File, Format Version 12.00
# Visual Studio Version 17
VisualStudioVersion = 17.11.35303.130
MinimumVisualStudioVersion = 10.0.40219.1
Project("{9A19103F-16F7-4668-BE54-9A1E7A4F7556}") = "Ex01", "Ex01\Ex01.csproj", "{DCCEB980-8577-481E-869D-E5022DF58173}"
EndProject
Project("{9A19103F-16F7-4668-BE54-9A1E7A4F7556}") = "Ex02", "Ex02\Ex02.csproj", "{3B4A0C0A-E997-48B7-ACF3-286F096B8969}"
EndProject
Project("{9A19103F-16F7-4668-BE54-9A1E7A4F7556}") = "Ex03", "Ex03\Ex03.csproj", "{D7F72D06-8375-41B2-BBE1-6F90F2014BA9}"
EndProject
Project("{9A19103F-16F7-4668-BE54-9A1E7A4F7556}") = "Ex04", "Ex04\Ex04.csproj", "{02BB075E-5662-44A8-A972-9FA6D87989AD}"
EndProject
Project("{9A19103F-16F7-4668-BE54-9A1E7A4F7556}") = "Ex05", "Ex05\Ex05.csproj", "{6A36C665-7094-482B-8C48-F98DFB17986E}"
EndProject
Project("{9A19103F-16F7-4668-BE54-9A1E7A4F7556}") = "Ex06", "Ex06\Ex06.csproj", "{65570801-D97F-4E4F-91C8-F97FA2E01A81}"
EndProject
Project("{FAE04EC0-301F-11D3-BF4B-00C04F79EFBC}") = "Ex07", "Ex07\Ex07.csproj", "{DEF9C4AE-8477-4F6F-AB2E-BF4FE6272957}"
EndProject
Project("{FAE04EC0-301F-11D3-BF4B-00C04F79EFBC}") = "Ex08", "Ex08\Ex08.csproj", "{D025B2AA-FCA9-49C6-8C2A-5D72021A9B87}"
EndProject
Project("{FAE04EC0-301F-11D3-BF4B-00C04F79EFBC}") = "Ex09", "Ex09\Ex09.csproj", "{CDD66399-B451-4466-8D9B-9655F3979D50}"
EndProject
Project("{FAE04EC0-301F-11D3-BF4B-00C04F79EFBC}") = "Ex10", "Ex10\Ex10.csproj", "{BF07C910-F947-4C8E-8543-42FF5E9EA8FD}"
EndProject
Global
	GlobalSection(SolutionConfigurationPlatforms) = preSolution
		Debug|Any CPU = Debug|Any CPU
		Release|Any CPU = Release|Any CPU
	EndGlobalSection
	GlobalSection(ProjectConfigurationPlatforms) = postSolution
		{DCCEB980-8577-481E-869D-E5022DF58173}.Debug|Any CPU.ActiveCfg = Debug|Any CPU
		{DCCEB980-8577-481E-869D-E5022DF58173}.Debug|Any CPU.Build.0 = Debug|Any CPU
		{DCCEB980-8577-481E-869D-E5022DF58173}.Release|Any CPU.ActiveCfg = Release|Any CPU
		{DCCEB980-8577-481E-869D-E5022DF58173}.Release|Any CPU.Build.0 = Release|Any CPU
		{3B4A0C0A-E997-48B7-ACF3-286F096B8969}.Debug|Any CPU.ActiveCfg = Debug|Any CPU
		{3B4A0C0A-E997-48B7-ACF3-286F096B8969}.Debug|Any CPU.Build.0 = Debug|Any CPU
		{3B4A0C0A-E997-48B7-ACF3-286F096B8969}.Release|Any CPU.ActiveCfg = Release|Any CPU
		{3B4A0C0A-E997-48B7-ACF3-286F096B8969}.Release|Any CPU.Build.0 = Release|Any CPU
		{D7F72D06-8375-41B2-BBE1-6F90F2014BA9}.Debug|Any CPU.ActiveCfg = Debug|Any CPU
		{D7F72D06-8375-41B2-BBE1-6F90F2014BA9}.Debug|Any CPU.Build.0 = Debug|Any CPU
		{D7F72D06-8375-41B2-BBE1-6F90F2014BA9}.Release|Any CPU.ActiveCfg = Release|Any CPU
		{D7F72D06-8375-41B2-BBE1-6F90F2014BA9}.Release|Any CPU.Build.0 = Release|Any CPU
		{02BB075E-5662-44A8-A972-9FA6D87989AD}.Debug|Any CPU.ActiveCfg = Debug|Any CPU
		{02BB075E-5662-44A8-A972-9FA6D87989AD}.Debug|Any CPU.Build.0 = Debug|Any CPU
		{02BB075E-5662-44A8-A972-9FA6D87989AD}.Release|Any CPU.ActiveCfg = Release|Any CPU
		{02BB075E-5662-44A8-A972-9FA6D87989AD}.Release|Any CPU.Build.0 = Release|Any CPU
		{6A36C665-7094-482B-8C48-F98DFB17986E}.Debug|Any CPU.ActiveCfg = Debug|Any CPU
		{6A36C665-7094-482B-8C48-F98DFB17986E}.Debug|Any CPU.Build.0 = Debug|Any CPU
		{6A36C665-7094-482B-8C48-F98DFB17986E}.Release|Any CPU.ActiveCfg = Release|Any CPU
		{6A36C665-7094-482B-8C48-F98DFB17986E}.Release|Any CPU.Build.0 = Release|Any CPU
		{65570801-D97F-4E4F-91C8-F97FA2E01A81}.Debug|Any CPU.ActiveCfg = Debug|Any CPU
		{65570801-D97F-4E4F-91C8-F97FA2E01A81}.Debug|Any CPU.Build.0 = Debug|Any CPU
		{65570801-D97F-4E4F-91C8-F97FA2E01A81}.Release|Any CPU.ActiveCfg = Release|Any CPU
		{65570801-D97F-4E4F-91C8-F97FA2E01A81}.Release|Any CPU.Build.0 = Release|Any CPU
		{DEF9C4AE-8477-4F6F-AB2E-BF4FE6272957}.Debug|Any CPU.ActiveCfg = Debug|Any CPU
		{DEF9C4AE-8477-4F6F-AB2E-BF4FE6272957}.Debug|Any CPU.Build.0 = Debug|Any CPU
		{DEF9C4AE-8477-4F6F-AB2E-BF4FE6272957}.Release|Any CPU.ActiveCfg = Release|Any CPU
		{DEF9C4AE-8477-4F6F-AB2E-BF4FE6272957}.Release|Any CPU.Build.0 = Release|Any CPU
		{D025B2AA-FCA9-49C6-8C2A-5D72021A9B87}.Debug|Any CPU.ActiveCfg = Debug|Any CPU
		{D025B2AA-FCA9-49C6-8C2A-5D72021A9B87}.Debug|Any CPU.Build.0 = Debug|Any CPU
		{D025B2AA-FCA9-49C6-8C2A-5D72021A9B87}.Release|Any CPU.ActiveCfg = Release|Any CPU
		{D025B2AA-FCA9-49C6-8C2A-5D72021A9B87}.Release|Any CPU.Build.0 = Release|Any CPU
		{CDD66399-B451-4466-8D9B-9655F3979D50}.Debug|Any CPU.ActiveCfg = Debug|Any CPU
		{CDD66399-B451-4466-8D9B-9655F3979D50}.Debug|Any CPU.Build.0 = Debug|Any CPU
		{CDD66399-B451-4466-8D9B-9655F3979D50}.Release|Any CPU.ActiveCfg = Release|Any CPU
		{CDD66399-B451-4466-8D9B-9655F3979D50}.Release|Any CPU.Build.0 = Release|Any CPU
		{BF07C910-F947-4C8E-8543-42FF5E9EA8FD}.Debug|Any CPU.ActiveCfg = Debug|Any CPU
		{BF07C910-F947-4C8E-8543-42FF5E9EA8FD}.Debug|Any CPU.Build.0 = Debug|Any CPU
		{BF07C910-F947-4C8E-8543-42FF5E9EA8FD}.Release|Any CPU.ActiveCfg = Release|Any CPU
		{BF07C910-F947-4C8E-8543-42FF5E9EA8FD}.Release|Any CPU.Build.0 = Release|Any CPU
	EndGlobalSection
	GlobalSection(SolutionProperties) = preSolution
		HideSolutionNode = FALSE
	EndGlobalSection
	GlobalSection(ExtensibilityGlobals) = postSolution
		SolutionGuid = {F4841656-A67F-4F2B-B38D-9C8F2AF98C8C}
	EndGlobalSection
EndGlobal
